# schema: mavi-offline-lock-v1
# platform-variant: windows-x86_64-cpu
# python-version: 3.12.10
addict==2.4.0 --hash=sha256:249bb56bbfd3cdc2a004ea0ff4c2b6ddc84d53bc2194761636eb314d5cfa5dfc
annotated-types==0.8.0 --hash=sha256:f072f4d804ea359e4eaf198b1af7a8b0943881a87f31bb764f8bf219bb9419e0
anyio==4.15.1 --hash=sha256:6152fdbbf9a77fdec97731721bebf7c4c44f7c29b424b0065826173efc7ed101
av==16.1.0 --hash=sha256:f49243b1d27c91cd8c66fdba90a674e344eb8eb917264f36117bf2b6879118fd
certifi==2026.7.22 --hash=sha256:62f22742b58a1a33014a2b6b706588a8d7e2a88ae7bd1a6ebe8c992928483775
charset-normalizer==3.5.1 --hash=sha256:3617ac3cfd8b9888f145ad89dd6e692285834b0201c6074a5eeaad3fd4d668c2
colorama==0.4.6 --hash=sha256:4f1d9991f5acc0ca119f9d443620b77f9d6b33703e51011c16baf57afb285fc6
contourpy==1.4.0 --hash=sha256:6e697d94e69f499ff6bebb899cae97a58d5d14f0e1fe9568b43a0248d2f9af8c
cycler==0.12.1 --hash=sha256:85cef7cff222d8644161529808465972e51340599459b8ac3ccbac5a854e0d30
defusedxml==0.7.1 --hash=sha256:a352e7e428770286cc899e2542b6cdaedb2b4953ff269a210103ec58f6198a61
filelock==3.32.6 --hash=sha256:3f16ecd0117feae0dfc147e8c62eb5daeccd8bd800378c3ddf416de9b4feb6b1
fonttools==4.65.0 --hash=sha256:3b5d9ba89edf778b376e669b879ae33a198bf45cf5a23c3f6514f935cf9d0d9d
fsspec==2026.7.0 --hash=sha256:b57ddbafedfaef7018c1ecab32aa200a9d7ca26b77965f64e48b70061249d279
h11==0.16.0 --hash=sha256:63cf8bbe7522de3bf65932fda1d9c2772064ffb3dae62d55932da54b31cb6c86
httpcore==1.0.9 --hash=sha256:2d400746a40668fc9dec9810239072b40b4484b640a8c38fd654a024c7a1bf55
httpx==0.28.1 --hash=sha256:d909fcccc110f8c7faf814ca82a9a4d816bc5a6dbfea25d6591d6985b8ba59ad
idna==3.19 --hash=sha256:815e7be7a7806d54abb586dc943addc79e8b2ee16915059658cbeff4b1b43bf4
jinja2==3.1.6 --hash=sha256:85ece4451f492d0c13c5dd7c13a64681a86afae63a5f347908daf103ce6d2f67
kiwisolver==1.5.1 --hash=sha256:06a6917674de9e0fe3f66f5430787f59a9f2ddb64af9b714eaec547e29ef5c19
markdown-it-py==4.2.0 --hash=sha256:9f7ebbcd14fe59494226453aed97c1070d83f8d24b6fc3a3bcf9a38092641c4a
markupsafe==3.0.3 --hash=sha256:26a5784ded40c9e318cfc2bdb30fe164bdb8665ded9cd64d500a34fb42067b1c
matplotlib==3.11.2 --hash=sha256:c5c1c68ee401fc98271263410f0e5ce88285abacf7627132914e8adf3d70ff43
mavi-vision==0.1.0 --hash=sha256:58cf963f1451b7b64f9825854a8d759192ab616b9aa72c1acffd9b276a974178
mdurl==0.1.2 --hash=sha256:84008a41e51615a49fc9966191ff91509e3c40b939176e643fd50a5c2196b8f8
mmcv==2.1.0 --hash=sha256:bfe5982ef2fd2b58fe90229c6c7be91c49777564360176549ede699cfc5acb7e
mmdet==3.3.0 --hash=sha256:2e23e291281ac57e7dccf8678e957da45fbe560ce78a1f5ded6afeccd3730f17
mmengine==0.10.7 --hash=sha256:262ac976a925562f78cd5fd14dd1bc9b680ed0aa81f0d85b723ef782f99c54ee
mpmath==1.3.0 --hash=sha256:a0b2b9fe80bbcd81a6647ff13108738cfb482d481d826cc0e02f5b35e5c88d2c
msgpack==1.2.2 --hash=sha256:b68614fba0570349833b7dd999ff0aed4e5cc8d9eb6e3a7d4527be33c65e33d3
networkx==3.6.1 --hash=sha256:d47fbf302e7d9cbbb9e2555a0d267983d2aa476bac30e90dfbe5669bd57f3762
numpy==2.5.3 --hash=sha256:0a59a421a32580a009e8a1751345bf829631b990dc1794b80514ab722b435def
opencv-python==5.0.0.93 --hash=sha256:f90ba04b8f73bc5c3814037699739f0156f597338a98f05956c684e7c3ca10d2
packaging==26.3 --hash=sha256:d7193f7c8e4e93f444fde0262bf90af30e16fa0ad0ad44cb553c87339b23cd1c
pillow==11.3.0 --hash=sha256:a6444696fce635783440b7f7a9fc24b3ad10a9ea3f0ab66c5905be1c19ccf17d
platformdirs==4.11.8 --hash=sha256:52f2f181bbfde907966932cc8312d967d02976422d66d537ea16092b8e291081
pycocotools==2.0.11 --hash=sha256:ffe806ce535f5996445188f9a35643791dc54beabc61bd81e2b03367356d604f
pydantic==2.13.5 --hash=sha256:346a034f080da3755d8e9cb5e00e8b07de1d39e4f6e2c87d8ab7cafa0b269a73
pydantic-core==2.46.5 --hash=sha256:5e81740c09e310f5aa5cbd3e434a01c154d4bef93241c7877b39f211d2b78ba8
pydantic-settings==2.15.0 --hash=sha256:0ba092c291c94baceb5eff768aa0d56400a457585bc0175925a5a5510303da42
pydeprecate==0.11.0 --hash=sha256:cbd4d39d2de22a1b284c586c0daf054eba6ef7b854904d236ade49f885b21738
pygments==2.21.0 --hash=sha256:2363c69b61c4a97c838da3b130dcd6468f4848992b21a82f2a63ec34377137d9
pyparsing==3.3.2 --hash=sha256:850ba148bd908d7e2411587e247a1e4f0327839c40e2e5e6d05a007ecc69911d
python-dateutil==2.9.0.post0 --hash=sha256:a8b2bc7bffae282281c8140a97d3aa9c14da0b136dfe83f850eea9a5f7470427
python-dotenv==1.2.3 --hash=sha256:904552145e8bfed22162c09dab1c2b9b54fefa7b23ba780f4f26ca0316b0f0d9
pyyaml==6.0.3 --hash=sha256:5fcd34e47f6e0b794d17de1b4ff496c00986e1c83f7ab2fb8fcfe9616ff7477b
regex==2026.9.10 --hash=sha256:4db7d00c4afbfbb55b8e17b1e371da11418ea9389b030acec63c1fa4c7ad4b86
requests==2.34.2 --hash=sha256:2a0d60c172f83ac6ab31e4554906c0f3b3588d37b5cb939b1c061f4907e278e0
rich==15.0.0 --hash=sha256:33bd4ef74232fb73fe9279a257718407f169c09b78a87ad3d296f548e27de0bb
scipy==1.18.1 --hash=sha256:5e4d44984abc0020154ea81b247adeddcc3ac5527b975ff798bd1ba0adc513c2
setuptools==84.0.0 --hash=sha256:51a52592b3b99e102b609654876bd65f19f999935166d1352678931132b0c670
shapely==2.1.2 --hash=sha256:743044b4cfb34f9a67205cee9279feaf60ba7d02e69febc2afc609047cb49179
six==1.17.0 --hash=sha256:4721f391ed90541fddacab5acf947aa0d3dc7d27b2e1e8eda2be8970586c3274
supervision==0.30.2 --hash=sha256:fd0f90d091abf504adc1ecf42dbb3dcefadc72adb8800ced3f40945eaa6734dc
sympy==1.13.1 --hash=sha256:db36cdc64bf61b9b24578b6f7bab1ecdd2452cf008f34faa33776680c26d66f8
termcolor==3.3.0 --hash=sha256:cf642efadaf0a8ebbbf4bc7a31cec2f9b5f21a9f726f4ccbb08192c9c26f43a5
terminaltables==3.1.10 --hash=sha256:e4fdc4179c9e4aab5f674d80f09d76fa436b96fdc698a8505e0a36bf0804a874
torch==2.6.0+cpu --hash=sha256:4027d982eb2781c93825ab9527f17fbbb12dbabf422298e4b954be60016f87d8
torchvision==0.21.0+cpu --hash=sha256:667f3d983240f41eaff5a3f78bdcbc144473978a37cd15a4db6dad92b1e8b6f0
tqdm==4.70.1 --hash=sha256:c293e525e6fef9c20e8728fd4612df02a0aa31bb5fe91ecd93e123b1b7bffa73
trackers==2.6.0 --hash=sha256:4d5dfec12ba146c8df6b82d699ecb44a56fe50fed375ba42c635a95b81987277
typing-extensions==4.16.0 --hash=sha256:481caa481374e813c1b176ada14e97f1f67a4539ce9cfeb3f350d78d6370c2e8
typing-inspection==0.4.4 --hash=sha256:65b8397ba37ccbce054456aaccddfc91e6e3083c92824df348d96ca832f3f147
urllib3==2.7.0 --hash=sha256:9fb4c81ebbb1ce9531cce37674bbc6f1360472bc18ca9a553ede278ef7276897
yapf==0.43.0 --hash=sha256:224faffbc39c428cb095818cf6ef5511fdab6f7430a10783fdfb292ccf2852ca
